# This file is automatically @generated by Poetry 1.6.1 and should not be changed by hand.

[[package]]
name = "black"
version = "23.10.0"
description = "The uncompromising code formatter."
optional = false
python-versions = ">=3.8"
files = [
    {file = "black-23.10.0-cp310-cp310-macosx_10_16_arm64.whl", hash = "sha256:f8dc7d50d94063cdfd13c82368afd8588bac4ce360e4224ac399e769d6704e98"},
    {file = "black-23.10.0-cp310-cp310-macosx_10_16_x86_64.whl", hash = "sha256:f20ff03f3fdd2fd4460b4f631663813e57dc277e37fb216463f3b907aa5a9bdd"},
    {file = "black-23.10.0-cp310-cp310-manylinux_2_17_x86_64.manylinux2014_x86_64.whl", hash = "sha256:d3d9129ce05b0829730323bdcb00f928a448a124af5acf90aa94d9aba6969604"},
    {file = "black-23.10.0-cp310-cp310-win_amd64.whl", hash = "sha256:960c21555be135c4b37b7018d63d6248bdae8514e5c55b71e994ad37407f45b8"},
    {file = "black-23.10.0-cp311-cp311-macosx_10_16_arm64.whl", hash = "sha256:30b78ac9b54cf87bcb9910ee3d499d2bc893afd52495066c49d9ee6b21eee06e"},
    {file = "black-23.10.0-cp311-cp311-macosx_10_16_x86_64.whl", hash = "sha256:0e232f24a337fed7a82c1185ae46c56c4a6167fb0fe37411b43e876892c76699"},
    {file = "black-23.10.0-cp311-cp311-manylinux_2_17_x86_64.manylinux2014_x86_64.whl", hash = "sha256:31946ec6f9c54ed7ba431c38bc81d758970dd734b96b8e8c2b17a367d7908171"},
    {file = "black-23.10.0-cp311-cp311-win_amd64.whl", hash = "sha256:c870bee76ad5f7a5ea7bd01dc646028d05568d33b0b09b7ecfc8ec0da3f3f39c"},
    {file = "black-23.10.0-cp38-cp38-macosx_10_16_arm64.whl", hash = "sha256:6901631b937acbee93c75537e74f69463adaf34379a04eef32425b88aca88a23"},
    {file = "black-23.10.0-cp38-cp38-macosx_10_16_x86_64.whl", hash = "sha256:481167c60cd3e6b1cb8ef2aac0f76165843a374346aeeaa9d86765fe0dd0318b"},
    {file = "black-23.10.0-cp38-cp38-manylinux_2_17_x86_64.manylinux2014_x86_64.whl", hash = "sha256:f74892b4b836e5162aa0452393112a574dac85e13902c57dfbaaf388e4eda37c"},
    {file = "black-23.10.0-cp38-cp38-win_amd64.whl", hash = "sha256:47c4510f70ec2e8f9135ba490811c071419c115e46f143e4dce2ac45afdcf4c9"},
    {file = "black-23.10.0-cp39-cp39-macosx_10_16_arm64.whl", hash = "sha256:76baba9281e5e5b230c9b7f83a96daf67a95e919c2dfc240d9e6295eab7b9204"},
    {file = "black-23.10.0-cp39-cp39-macosx_10_16_x86_64.whl", hash = "sha256:a3c2ddb35f71976a4cfeca558848c2f2f89abc86b06e8dd89b5a65c1e6c0f22a"},
    {file = "black-23.10.0-cp39-cp39-manylinux_2_17_x86_64.manylinux2014_x86_64.whl", hash = "sha256:db451a3363b1e765c172c3fd86213a4ce63fb8524c938ebd82919bf2a6e28c6a"},
    {file = "black-23.10.0-cp39-cp39-win_amd64.whl", hash = "sha256:7fb5fc36bb65160df21498d5a3dd330af8b6401be3f25af60c6ebfe23753f747"},
    {file = "black-23.10.0-py3-none-any.whl", hash = "sha256:e223b731a0e025f8ef427dd79d8cd69c167da807f5710add30cdf131f13dd62e"},
    {file = "black-23.10.0.tar.gz", hash = "sha256:31b9f87b277a68d0e99d2905edae08807c007973eaa609da5f0c62def6b7c0bd"},
]

[package.dependencies]
click = ">=8.0.0"
mypy-extensions = ">=0.4.3"
packaging = ">=22.0"
pathspec = ">=0.9.0"
platformdirs = ">=2"

[package.extras]
colorama = ["colorama (>=0.4.3)"]
d = ["aiohttp (>=3.7.4)"]
jupyter = ["ipython (>=7.8.0)", "tokenize-rt (>=3.2.0)"]
uvloop = ["uvloop (>=0.15.2)"]

[[package]]
name = "click"
version = "8.1.7"
description = "Composable command line interface toolkit"
optional = false
python-versions = ">=3.7"
files = [
    {file = "click-8.1.7-py3-none-any.whl", hash = "sha256:ae74fb96c20a0277a1d615f1e4d73c8414f5a98db8b799a7931d1582f3390c28"},
    {file = "click-8.1.7.tar.gz", hash = "sha256:ca9853ad459e787e2192211578cc907e7594e294c7ccc834310722b41b9ca6de"},
]

[package.dependencies]
colorama = {version = "*", markers = "platform_system == \"Windows\""}

[[package]]
name = "colorama"
version = "0.4.6"
description = "Cross-platform colored terminal text."
optional = false
python-versions = "!=3.0.*,!=3.1.*,!=3.2.*,!=3.3.*,!=3.4.*,!=3.5.*,!=3.6.*,>=2.7"
files = [
    {file = "colorama-0.4.6-py2.py3-none-any.whl", hash = "sha256:4f1d9991f5acc0ca119f9d443620b77f9d6b33703e51011c16baf57afb285fc6"},
    {file = "colorama-0.4.6.tar.gz", hash = "sha256:08695f5cb7ed6e0531a20572697297273c47b8cae5a63ffc6d6ed5c201be6e44"},
]

[[package]]
name = "compactify"
version = "2"
description = "Make Python code more compact"
optional = false
python-versions = ">=3.8"
files = [
    {file = "compactify-2.tar.gz", hash = "sha256:e0cec88aeb0548a403ff8a3ff83b1b220d3c55b60b9e0ef6a5d6b1998e697df4"},
]

[[package]]
name = "mpmath"
version = "1.3.0"
description = "Python library for arbitrary-precision floating-point arithmetic"
optional = false
python-versions = "*"
files = [
    {file = "mpmath-1.3.0-py3-none-any.whl", hash = "sha256:a0b2b9fe80bbcd81a6647ff13108738cfb482d481d826cc0e02f5b35e5c88d2c"},
    {file = "mpmath-1.3.0.tar.gz", hash = "sha256:7a28eb2a9774d00c7bc92411c19a89209d5da7c4c9a9e227be8330a23a25b91f"},
]

[package.extras]
develop = ["codecov", "pycodestyle", "pytest (>=4.6)", "pytest-cov", "wheel"]
docs = ["sphinx"]
gmpy = ["gmpy2 (>=2.1.0a4)"]
tests = ["pytest (>=4.6)"]

[[package]]
name = "mypy-extensions"
version = "1.0.0"
description = "Type system extensions for programs checked with the mypy type checker."
optional = false
python-versions = ">=3.5"
files = [
    {file = "mypy_extensions-1.0.0-py3-none-any.whl", hash = "sha256:4392f6c0eb8a5668a69e23d168ffa70f0be9ccfd32b5cc2d26a34ae5b844552d"},
    {file = "mypy_extensions-1.0.0.tar.gz", hash = "sha256:75dbf8955dc00442a438fc4d0666508a9a97b6bd41aa2f0ffe9d2f2725af0782"},
]

[[package]]
name = "packaging"
version = "23.2"
description = "Core utilities for Python packages"
optional = false
python-versions = ">=3.7"
files = [
    {file = "packaging-23.2-py3-none-any.whl", hash = "sha256:8c491190033a9af7e1d931d0b5dacc2ef47509b34dd0de67ed209b5203fc88c7"},
    {file = "packaging-23.2.tar.gz", hash = "sha256:048fb0e9405036518eaaf48a55953c750c11e1a1b68e0dd1a9d62ed0c092cfc5"},
]

[[package]]
name = "pathspec"
version = "0.11.2"
description = "Utility library for gitignore style pattern matching of file paths."
optional = false
python-versions = ">=3.7"
files = [
    {file = "pathspec-0.11.2-py3-none-any.whl", hash = "sha256:1d6ed233af05e679efb96b1851550ea95bbb64b7c490b0f5aa52996c11e92a20"},
    {file = "pathspec-0.11.2.tar.gz", hash = "sha256:e0d8d0ac2f12da61956eb2306b69f9469b42f4deb0f3cb6ed47b9cce9996ced3"},
]

[[package]]
name = "platformdirs"
version = "3.11.0"
description = "A small Python package for determining appropriate platform-specific dirs, e.g. a \"user data dir\"."
optional = false
python-versions = ">=3.7"
files = [
    {file = "platformdirs-3.11.0-py3-none-any.whl", hash = "sha256:e9d171d00af68be50e9202731309c4e658fd8bc76f55c11c7dd760d023bda68e"},
    {file = "platformdirs-3.11.0.tar.gz", hash = "sha256:cf8ee52a3afdb965072dcc652433e0c7e3e40cf5ea1477cd4b3b1d2eb75495b3"},
]

[package.extras]
docs = ["furo (>=2023.7.26)", "proselint (>=0.13)", "sphinx (>=7.1.1)", "sphinx-autodoc-typehints (>=1.24)"]
test = ["appdirs (==1.4.4)", "covdefaults (>=2.3)", "pytest (>=7.4)", "pytest-cov (>=4.1)", "pytest-mock (>=3.11.1)"]

[[package]]
name = "pyrefact"
version = "92"
description = "Automated Python refactoring"
optional = false
python-versions = ">=3.8"
files = [
    {file = "pyrefact-92-py3-none-any.whl", hash = "sha256:7e2de0125f97740940f05dbd13262762dc79631f96385915c772e0f32c57f0bf"},
    {file = "pyrefact-92.tar.gz", hash = "sha256:0b5cbf08ac0d3b047fb9f59340e1bfc495b6af50b2f0afd95fc6ffdbbda686c7"},
]

[package.dependencies]
black = ">=23.1.0"
compactify = ">=2"
rmspace = ">=7"
sympy = ">=1.11.0"

[package.extras]
dev = ["astunparse (==1.6.3)", "pylint (==2.17.5)"]

[[package]]
name = "rmspace"
version = "7"
description = "Remove trailing whitespace from code and other plain-text files."
optional = false
python-versions = ">=3.6"
files = [
    {file = "rmspace-7-py3-none-any.whl", hash = "sha256:c19e1eadc648a1e5df2efef12bad5c1ec753f46e82c05262c38e221a1a21b0ab"},
    {file = "rmspace-7.tar.gz", hash = "sha256:32fc696b93eb3350154df0703a31ab3d28825e0520437d2c146b8edad7b5f6cf"},
]

[[package]]
name = "ruff"
version = "0.0.275"
description = "An extremely fast Python linter, written in Rust."
optional = false
python-versions = ">=3.7"
files = [
    {file = "ruff-0.0.275-py3-none-macosx_10_7_x86_64.whl", hash = "sha256:5e6554a072e7ce81eb6f0bec1cebd3dcb0e358652c0f4900d7d630d61691e914"},
    {file = "ruff-0.0.275-py3-none-macosx_10_9_x86_64.macosx_11_0_arm64.macosx_10_9_universal2.whl", hash = "sha256:1cc599022fe5ffb143a965b8d659eb64161ab8ab4433d208777eab018a1aab67"},
    {file = "ruff-0.0.275-py3-none-manylinux_2_17_aarch64.manylinux2014_aarch64.whl", hash = "sha256:5206fc1cd8c1c1deadd2e6360c0dbcd690f1c845da588ca9d32e4a764a402c60"},
    {file = "ruff-0.0.275-py3-none-manylinux_2_17_armv7l.manylinux2014_armv7l.whl", hash = "sha256:0c4e6468da26f77b90cae35319d310999f471a8c352998e9b39937a23750149e"},
    {file = "ruff-0.0.275-py3-none-manylinux_2_17_i686.manylinux2014_i686.whl", hash = "sha256:0dbdea02942131dbc15dd45f431d152224f15e1dd1859fcd0c0487b658f60f1a"},
    {file = "ruff-0.0.275-py3-none-manylinux_2_17_ppc64.manylinux2014_ppc64.whl", hash = "sha256:22efd9f41af27ef8fb9779462c46c35c89134d33e326c889971e10b2eaf50c63"},
    {file = "ruff-0.0.275-py3-none-manylinux_2_17_ppc64le.manylinux2014_ppc64le.whl", hash = "sha256:2c09662112cfa22d7467a19252a546291fd0eae4f423e52b75a7a2000a1894db"},
    {file = "ruff-0.0.275-py3-none-manylinux_2_17_s390x.manylinux2014_s390x.whl", hash = "sha256:80043726662144876a381efaab88841c88e8df8baa69559f96b22d4fa216bef1"},
    {file = "ruff-0.0.275-py3-none-manylinux_2_17_x86_64.manylinux2014_x86_64.whl", hash = "sha256:5859ee543b01b7eb67835dfd505faa8bb7cc1550f0295c92c1401b45b42be399"},
    {file = "ruff-0.0.275-py3-none-musllinux_1_2_aarch64.whl", hash = "sha256:c8ace4d40a57b5ea3c16555f25a6b16bc5d8b2779ae1912ce2633543d4e9b1da"},
    {file = "ruff-0.0.275-py3-none-musllinux_1_2_armv7l.whl", hash = "sha256:8347fc16aa185aae275906c4ac5b770e00c896b6a0acd5ba521f158801911998"},
    {file = "ruff-0.0.275-py3-none-musllinux_1_2_i686.whl", hash = "sha256:ec43658c64bfda44fd84bbea9da8c7a3b34f65448192d1c4dd63e9f4e7abfdd4"},
    {file = "ruff-0.0.275-py3-none-musllinux_1_2_x86_64.whl", hash = "sha256:508b13f7ca37274cceaba4fb3ea5da6ca192356323d92acf39462337c33ad14e"},
    {file = "ruff-0.0.275-py3-none-win32.whl", hash = "sha256:6afb1c4422f24f361e877937e2a44b3f8176774a476f5e33845ebfe887dd5ec2"},
    {file = "ruff-0.0.275-py3-none-win_amd64.whl", hash = "sha256:d9b264d78621bf7b698b6755d4913ab52c19bd28bee1a16001f954d64c1a1220"},
    {file = "ruff-0.0.275-py3-none-win_arm64.whl", hash = "sha256:a19ce3bea71023eee5f0f089dde4a4272d088d5ac0b675867e074983238ccc65"},
    {file = "ruff-0.0.275.tar.gz", hash = "sha256:a63a0b645da699ae5c758fce19188e901b3033ec54d862d93fcd042addf7f38d"},
]

[[package]]
name = "sympy"
version = "1.12"
description = "Computer algebra system (CAS) in Python"
optional = false
python-versions = ">=3.8"
files = [
    {file = "sympy-1.12-py3-none-any.whl", hash = "sha256:c3588cd4295d0c0f603d0f2ae780587e64e2efeedb3521e46b9bb1d08d184fa5"},
    {file = "sympy-1.12.tar.gz", hash = "sha256:ebf595c8dac3e0fdc4152c51878b498396ec7f30e7a914d6071e674d49420fb8"},
]

[package.dependencies]
mpmath = ">=0.19"

[metadata]
lock-version = "2.0"
python-versions = "^3.12"
content-hash = "11e6bf017b51ae1d95cb2cadf4cb1d279fa2df76cca974a2d206d1e9d9a7b081"
